# Core image inputs. Update this file and the Dockerfile together.
BASE_IMAGE_REF=python:3.13.0-slim@sha256:0de818129b26ed8f46fd772f540c80e277b67a28229531a1ba0fdacfaed19bcb

NODE_VERSION=22.14.0
NODE_DOWNLOAD_BASE=https://nodejs.org/dist
NODE_SHA256_AMD64=69b09dba5c8dcb05c4e4273a4340db1005abeafe3927efda2bc5b249e80437ec
NODE_SHA256_ARM64=08bfbf538bad0e8cbb0269f0173cca28d705874a67a22f60b57d99dc99e30050

PLAYWRIGHT_VERSION=1.48.0
CHROMIUM_REVISION=1140
PLAYWRIGHT_DOWNLOAD_BASE=https://playwright.download.prss.microsoft.com/dbazure/download/playwright
CHROMIUM_SHA256_AMD64=e78cda52fa7e847abcd36a48ffabda43e71e2220a3e9a398f7c9a179529570a5
CHROMIUM_SHA256_ARM64=ccf6e1abaa7b4c3bf0e905c035d63080173c21266fa3487c0b63108fafbc0fd7

PANDOC_VERSION=3.10
PANDOC_DOWNLOAD_BASE=https://github.com/jgm/pandoc/releases/download
PANDOC_SHA256_AMD64=e0f8af62d0f267d22baa5bcefe6d5dda3a097ccc60de794b759fe03159923244
PANDOC_SHA256_ARM64=55413dfb0c1aec861641fe858f1f73e84848f3db497b1c0c02e62887ea76f4a4

MONOLITH_VERSION=2.10.1
MONOLITH_DOWNLOAD_BASE=https://github.com/Y2Z/monolith/releases/download
MONOLITH_SHA256_AMD64=663ca914b078e91d5a854b4a07e913c613bbbcfe8fb11a24da1a6ab23c9205df
MONOLITH_SHA256_ARM64=7f8cac6291b4015b24b964fcdf115a196abecc59e9149f7aa485175943f99997

LIBSSL1_1_VERSION=1.1.1w-0+deb11u1
LIBSSL1_1_DOWNLOAD_BASE=https://deb.debian.org/debian/pool/main/o/openssl
LIBSSL1_1_SHA256_AMD64=aadf8b4b197335645b230c2839b4517aa444fd2e8f434e5438c48a18857988f7
LIBSSL1_1_SHA256_ARM64=fe7a7d313c87e46e62e614a07137e4a476a79fc9e5aab7b23e8235211280fee3

NPM_LOCK_SHA256=d86a7022361e5e318f950ca33caf0b2ee6f849bd5f5be505e644bf1b4c14cd5b
